
Microsoft Visual Studio Solution File, Format Version 12.00
Project("{2150E333-8FDC-42A3-9474-1A3956D46DE8}") = "Commons", "Commons", "{986DFC8D-D473-4D5B-982B-29876AD3DBC4}"
	ProjectSection(SolutionItems) = preProject
		Commons\Commons.md = Commons\Commons.md
	EndProjectSection
EndProject
Project("{FAE04EC0-301F-11D3-BF4B-00C04F79EFBC}") = "MyJWT", "Commons\MyJWT\MyJWT.csproj", "{58A64BB5-2D3E-4C9E-8BAF-6A410212765F}"
EndProject
Project("{2150E333-8FDC-42A3-9474-1A3956D46DE8}") = "IdentitySerivce", "IdentitySerivce", "{23AADBE2-11CC-4C75-BAD4-132ADA1AA33C}"
EndProject
Project("{FAE04EC0-301F-11D3-BF4B-00C04F79EFBC}") = "IdentitySerivce.Domain", "IdentitySerivce\IdentitySerivce.Domain\IdentitySerivce.Domain.csproj", "{9BD92367-7E2F-4651-879B-5EB157706002}"
EndProject
Project("{FAE04EC0-301F-11D3-BF4B-00C04F79EFBC}") = "IdentitySerivce.Infrastructure", "IdentitySerivce\IdentitySerivce.Infrastructure\IdentitySerivce.Infrastructure.csproj", "{332E65DE-D297-4220-B9BE-E7D119D5DC2D}"
EndProject
Project("{FAE04EC0-301F-11D3-BF4B-00C04F79EFBC}") = "IdentityService.WebAPI", "IdentitySerivce\IdentityService.WebAPI\IdentityService.WebAPI.csproj", "{E24F79FB-FAC1-475C-803A-E14E72B85D2E}"
EndProject
Project("{FAE04EC0-301F-11D3-BF4B-00C04F79EFBC}") = "DomainCommonInterface", "Commons\DomainCommonInterface\DomainCommonInterface.csproj", "{FF16C28C-C33C-4028-807A-4D080C1A7E4A}"
EndProject
Project("{FAE04EC0-301F-11D3-BF4B-00C04F79EFBC}") = "Infrastructure", "Commons\Infrastructure\Infrastructure.csproj", "{36D08B2F-9EDE-47D5-8AC9-58E30494A2D2}"
EndProject
Project("{FAE04EC0-301F-11D3-BF4B-00C04F79EFBC}") = "MyCommonTools", "Commons\MyCommonTools\MyCommonTools.csproj", "{7C42DDCC-C8BB-4FD0-9701-8113920F933D}"
EndProject
Project("{FAE04EC0-301F-11D3-BF4B-00C04F79EFBC}") = "MyEventController", "Commons\MyEventController\MyEventController.csproj", "{F6F1B29B-B633-4E36-9E80-6022D40E1843}"
EndProject
Project("{FAE04EC0-301F-11D3-BF4B-00C04F79EFBC}") = "CommonInit", "Commons\CommonInit\CommonInit.csproj", "{217AB917-9D1D-45E7-ADAE-FE0016E064AE}"
EndProject
Project("{2150E333-8FDC-42A3-9474-1A3956D46DE8}") = "ListenService", "ListenService", "{A1DF6305-EA0E-4118-A546-B4312C84D984}"
EndProject
Project("{FAE04EC0-301F-11D3-BF4B-00C04F79EFBC}") = "ListenService.Domain", "ListenService\ListenService.Domain\ListenService.Domain.csproj", "{540D3185-FE33-4F14-99FB-D29946C70990}"
EndProject
Project("{FAE04EC0-301F-11D3-BF4B-00C04F79EFBC}") = "ListenService.Infrastrucure", "ListenService\ListenService.Infrastrucure\ListenService.Infrastrucure.csproj", "{C65FAA80-DC1F-421E-94AE-0BE5E6DB8732}"
EndProject
Project("{FAE04EC0-301F-11D3-BF4B-00C04F79EFBC}") = "ListenService.WebAPI", "ListenService\ListenService.WebAPI\ListenService.WebAPI.csproj", "{FB2F907F-BF58-4D5A-8364-2B0877CB1E4F}"
EndProject
Project("{2150E333-8FDC-42A3-9474-1A3956D46DE8}") = "FileService", "FileService", "{1C94EFBF-005C-4C3E-B9E4-01C50B797436}"
EndProject
Project("{FAE04EC0-301F-11D3-BF4B-00C04F79EFBC}") = "FileService.Domain", "FileService\FileService.Domain\FileService.Domain.csproj", "{1156556B-8FC4-482C-8EDB-2278E9A5E385}"
EndProject
Project("{FAE04EC0-301F-11D3-BF4B-00C04F79EFBC}") = "FileService.Infrastructure", "FileService\FileService.Infrastructure\FileService.Infrastructure.csproj", "{B764C59F-EB4F-499C-ABFB-A0B5F588AA37}"
EndProject
Project("{FAE04EC0-301F-11D3-BF4B-00C04F79EFBC}") = "FileService.WebAPI", "FileService\FileService.WebAPI\FileService.WebAPI.csproj", "{8EAA2107-AFFA-4F0C-8EE0-2EE08CD92A02}"
EndProject
Project("{2150E333-8FDC-42A3-9474-1A3956D46DE8}") = "VedioService", "VedioService", "{6E01FB9C-D79D-4A44-8072-E71EE1C2C78C}"
EndProject
Project("{2150E333-8FDC-42A3-9474-1A3956D46DE8}") = "ArticleService", "ArticleService", "{A2DC0BE8-1B37-42F0-8788-B2BE83D0E36B}"
EndProject
Project("{FAE04EC0-301F-11D3-BF4B-00C04F79EFBC}") = "ArticleService.Domain", "ArticleService\ArticleService.Domain\ArticleService.Domain.csproj", "{8A7204C9-0AE2-4AC4-B76C-59AE17B3DF66}"
EndProject
Project("{FAE04EC0-301F-11D3-BF4B-00C04F79EFBC}") = "ArticleService.Infrastructure", "ArticleService\ArticleService.Infrastructure\ArticleService.Infrastructure.csproj", "{05C90A7B-6019-48BA-93F2-FC29DD7B5AA6}"
EndProject
Project("{FAE04EC0-301F-11D3-BF4B-00C04F79EFBC}") = "ArticleService.WebAPI", "ArticleService\ArticleService.WebAPI\ArticleService.WebAPI.csproj", "{0BCCA217-B7AE-4DBB-9BE6-0A7A5614C3AE}"
EndProject
Global
	GlobalSection(SolutionConfigurationPlatforms) = preSolution
		Debug|Any CPU = Debug|Any CPU
		Release|Any CPU = Release|Any CPU
	EndGlobalSection
	GlobalSection(ProjectConfigurationPlatforms) = postSolution
		{58A64BB5-2D3E-4C9E-8BAF-6A410212765F}.Debug|Any CPU.ActiveCfg = Debug|Any CPU
		{58A64BB5-2D3E-4C9E-8BAF-6A410212765F}.Debug|Any CPU.Build.0 = Debug|Any CPU
		{58A64BB5-2D3E-4C9E-8BAF-6A410212765F}.Release|Any CPU.ActiveCfg = Release|Any CPU
		{58A64BB5-2D3E-4C9E-8BAF-6A410212765F}.Release|Any CPU.Build.0 = Release|Any CPU
		{9BD92367-7E2F-4651-879B-5EB157706002}.Debug|Any CPU.ActiveCfg = Debug|Any CPU
		{9BD92367-7E2F-4651-879B-5EB157706002}.Debug|Any CPU.Build.0 = Debug|Any CPU
		{9BD92367-7E2F-4651-879B-5EB157706002}.Release|Any CPU.ActiveCfg = Release|Any CPU
		{9BD92367-7E2F-4651-879B-5EB157706002}.Release|Any CPU.Build.0 = Release|Any CPU
		{332E65DE-D297-4220-B9BE-E7D119D5DC2D}.Debug|Any CPU.ActiveCfg = Debug|Any CPU
		{332E65DE-D297-4220-B9BE-E7D119D5DC2D}.Debug|Any CPU.Build.0 = Debug|Any CPU
		{332E65DE-D297-4220-B9BE-E7D119D5DC2D}.Release|Any CPU.ActiveCfg = Release|Any CPU
		{332E65DE-D297-4220-B9BE-E7D119D5DC2D}.Release|Any CPU.Build.0 = Release|Any CPU
		{E24F79FB-FAC1-475C-803A-E14E72B85D2E}.Debug|Any CPU.ActiveCfg = Debug|Any CPU
		{E24F79FB-FAC1-475C-803A-E14E72B85D2E}.Debug|Any CPU.Build.0 = Debug|Any CPU
		{E24F79FB-FAC1-475C-803A-E14E72B85D2E}.Release|Any CPU.ActiveCfg = Release|Any CPU
		{E24F79FB-FAC1-475C-803A-E14E72B85D2E}.Release|Any CPU.Build.0 = Release|Any CPU
		{FF16C28C-C33C-4028-807A-4D080C1A7E4A}.Debug|Any CPU.ActiveCfg = Debug|Any CPU
		{FF16C28C-C33C-4028-807A-4D080C1A7E4A}.Debug|Any CPU.Build.0 = Debug|Any CPU
		{FF16C28C-C33C-4028-807A-4D080C1A7E4A}.Release|Any CPU.ActiveCfg = Release|Any CPU
		{FF16C28C-C33C-4028-807A-4D080C1A7E4A}.Release|Any CPU.Build.0 = Release|Any CPU
		{36D08B2F-9EDE-47D5-8AC9-58E30494A2D2}.Debug|Any CPU.ActiveCfg = Debug|Any CPU
		{36D08B2F-9EDE-47D5-8AC9-58E30494A2D2}.Debug|Any CPU.Build.0 = Debug|Any CPU
		{36D08B2F-9EDE-47D5-8AC9-58E30494A2D2}.Release|Any CPU.ActiveCfg = Release|Any CPU
		{36D08B2F-9EDE-47D5-8AC9-58E30494A2D2}.Release|Any CPU.Build.0 = Release|Any CPU
		{7C42DDCC-C8BB-4FD0-9701-8113920F933D}.Debug|Any CPU.ActiveCfg = Debug|Any CPU
		{7C42DDCC-C8BB-4FD0-9701-8113920F933D}.Debug|Any CPU.Build.0 = Debug|Any CPU
		{7C42DDCC-C8BB-4FD0-9701-8113920F933D}.Release|Any CPU.ActiveCfg = Release|Any CPU
		{7C42DDCC-C8BB-4FD0-9701-8113920F933D}.Release|Any CPU.Build.0 = Release|Any CPU
		{F6F1B29B-B633-4E36-9E80-6022D40E1843}.Debug|Any CPU.ActiveCfg = Debug|Any CPU
		{F6F1B29B-B633-4E36-9E80-6022D40E1843}.Debug|Any CPU.Build.0 = Debug|Any CPU
		{F6F1B29B-B633-4E36-9E80-6022D40E1843}.Release|Any CPU.ActiveCfg = Release|Any CPU
		{F6F1B29B-B633-4E36-9E80-6022D40E1843}.Release|Any CPU.Build.0 = Release|Any CPU
		{217AB917-9D1D-45E7-ADAE-FE0016E064AE}.Debug|Any CPU.ActiveCfg = Debug|Any CPU
		{217AB917-9D1D-45E7-ADAE-FE0016E064AE}.Debug|Any CPU.Build.0 = Debug|Any CPU
		{217AB917-9D1D-45E7-ADAE-FE0016E064AE}.Release|Any CPU.ActiveCfg = Release|Any CPU
		{217AB917-9D1D-45E7-ADAE-FE0016E064AE}.Release|Any CPU.Build.0 = Release|Any CPU
		{540D3185-FE33-4F14-99FB-D29946C70990}.Debug|Any CPU.ActiveCfg = Debug|Any CPU
		{540D3185-FE33-4F14-99FB-D29946C70990}.Debug|Any CPU.Build.0 = Debug|Any CPU
		{540D3185-FE33-4F14-99FB-D29946C70990}.Release|Any CPU.ActiveCfg = Release|Any CPU
		{540D3185-FE33-4F14-99FB-D29946C70990}.Release|Any CPU.Build.0 = Release|Any CPU
		{C65FAA80-DC1F-421E-94AE-0BE5E6DB8732}.Debug|Any CPU.ActiveCfg = Debug|Any CPU
		{C65FAA80-DC1F-421E-94AE-0BE5E6DB8732}.Debug|Any CPU.Build.0 = Debug|Any CPU
		{C65FAA80-DC1F-421E-94AE-0BE5E6DB8732}.Release|Any CPU.ActiveCfg = Release|Any CPU
		{C65FAA80-DC1F-421E-94AE-0BE5E6DB8732}.Release|Any CPU.Build.0 = Release|Any CPU
		{FB2F907F-BF58-4D5A-8364-2B0877CB1E4F}.Debug|Any CPU.ActiveCfg = Debug|Any CPU
		{FB2F907F-BF58-4D5A-8364-2B0877CB1E4F}.Debug|Any CPU.Build.0 = Debug|Any CPU
		{FB2F907F-BF58-4D5A-8364-2B0877CB1E4F}.Release|Any CPU.ActiveCfg = Release|Any CPU
		{FB2F907F-BF58-4D5A-8364-2B0877CB1E4F}.Release|Any CPU.Build.0 = Release|Any CPU
		{1156556B-8FC4-482C-8EDB-2278E9A5E385}.Debug|Any CPU.ActiveCfg = Debug|Any CPU
		{1156556B-8FC4-482C-8EDB-2278E9A5E385}.Debug|Any CPU.Build.0 = Debug|Any CPU
		{1156556B-8FC4-482C-8EDB-2278E9A5E385}.Release|Any CPU.ActiveCfg = Release|Any CPU
		{1156556B-8FC4-482C-8EDB-2278E9A5E385}.Release|Any CPU.Build.0 = Release|Any CPU
		{B764C59F-EB4F-499C-ABFB-A0B5F588AA37}.Debug|Any CPU.ActiveCfg = Debug|Any CPU
		{B764C59F-EB4F-499C-ABFB-A0B5F588AA37}.Debug|Any CPU.Build.0 = Debug|Any CPU
		{B764C59F-EB4F-499C-ABFB-A0B5F588AA37}.Release|Any CPU.ActiveCfg = Release|Any CPU
		{B764C59F-EB4F-499C-ABFB-A0B5F588AA37}.Release|Any CPU.Build.0 = Release|Any CPU
		{8EAA2107-AFFA-4F0C-8EE0-2EE08CD92A02}.Debug|Any CPU.ActiveCfg = Debug|Any CPU
		{8EAA2107-AFFA-4F0C-8EE0-2EE08CD92A02}.Debug|Any CPU.Build.0 = Debug|Any CPU
		{8EAA2107-AFFA-4F0C-8EE0-2EE08CD92A02}.Release|Any CPU.ActiveCfg = Release|Any CPU
		{8EAA2107-AFFA-4F0C-8EE0-2EE08CD92A02}.Release|Any CPU.Build.0 = Release|Any CPU
		{8A7204C9-0AE2-4AC4-B76C-59AE17B3DF66}.Debug|Any CPU.ActiveCfg = Debug|Any CPU
		{8A7204C9-0AE2-4AC4-B76C-59AE17B3DF66}.Debug|Any CPU.Build.0 = Debug|Any CPU
		{8A7204C9-0AE2-4AC4-B76C-59AE17B3DF66}.Release|Any CPU.ActiveCfg = Release|Any CPU
		{8A7204C9-0AE2-4AC4-B76C-59AE17B3DF66}.Release|Any CPU.Build.0 = Release|Any CPU
		{05C90A7B-6019-48BA-93F2-FC29DD7B5AA6}.Debug|Any CPU.ActiveCfg = Debug|Any CPU
		{05C90A7B-6019-48BA-93F2-FC29DD7B5AA6}.Debug|Any CPU.Build.0 = Debug|Any CPU
		{05C90A7B-6019-48BA-93F2-FC29DD7B5AA6}.Release|Any CPU.ActiveCfg = Release|Any CPU
		{05C90A7B-6019-48BA-93F2-FC29DD7B5AA6}.Release|Any CPU.Build.0 = Release|Any CPU
		{0BCCA217-B7AE-4DBB-9BE6-0A7A5614C3AE}.Debug|Any CPU.ActiveCfg = Debug|Any CPU
		{0BCCA217-B7AE-4DBB-9BE6-0A7A5614C3AE}.Debug|Any CPU.Build.0 = Debug|Any CPU
		{0BCCA217-B7AE-4DBB-9BE6-0A7A5614C3AE}.Release|Any CPU.ActiveCfg = Release|Any CPU
		{0BCCA217-B7AE-4DBB-9BE6-0A7A5614C3AE}.Release|Any CPU.Build.0 = Release|Any CPU
	EndGlobalSection
	GlobalSection(NestedProjects) = preSolution
		{58A64BB5-2D3E-4C9E-8BAF-6A410212765F} = {986DFC8D-D473-4D5B-982B-29876AD3DBC4}
		{9BD92367-7E2F-4651-879B-5EB157706002} = {23AADBE2-11CC-4C75-BAD4-132ADA1AA33C}
		{332E65DE-D297-4220-B9BE-E7D119D5DC2D} = {23AADBE2-11CC-4C75-BAD4-132ADA1AA33C}
		{E24F79FB-FAC1-475C-803A-E14E72B85D2E} = {23AADBE2-11CC-4C75-BAD4-132ADA1AA33C}
		{FF16C28C-C33C-4028-807A-4D080C1A7E4A} = {986DFC8D-D473-4D5B-982B-29876AD3DBC4}
		{36D08B2F-9EDE-47D5-8AC9-58E30494A2D2} = {986DFC8D-D473-4D5B-982B-29876AD3DBC4}
		{7C42DDCC-C8BB-4FD0-9701-8113920F933D} = {986DFC8D-D473-4D5B-982B-29876AD3DBC4}
		{F6F1B29B-B633-4E36-9E80-6022D40E1843} = {986DFC8D-D473-4D5B-982B-29876AD3DBC4}
		{217AB917-9D1D-45E7-ADAE-FE0016E064AE} = {986DFC8D-D473-4D5B-982B-29876AD3DBC4}
		{540D3185-FE33-4F14-99FB-D29946C70990} = {A1DF6305-EA0E-4118-A546-B4312C84D984}
		{C65FAA80-DC1F-421E-94AE-0BE5E6DB8732} = {A1DF6305-EA0E-4118-A546-B4312C84D984}
		{FB2F907F-BF58-4D5A-8364-2B0877CB1E4F} = {A1DF6305-EA0E-4118-A546-B4312C84D984}
		{1156556B-8FC4-482C-8EDB-2278E9A5E385} = {1C94EFBF-005C-4C3E-B9E4-01C50B797436}
		{B764C59F-EB4F-499C-ABFB-A0B5F588AA37} = {1C94EFBF-005C-4C3E-B9E4-01C50B797436}
		{8EAA2107-AFFA-4F0C-8EE0-2EE08CD92A02} = {1C94EFBF-005C-4C3E-B9E4-01C50B797436}
		{8A7204C9-0AE2-4AC4-B76C-59AE17B3DF66} = {A2DC0BE8-1B37-42F0-8788-B2BE83D0E36B}
		{05C90A7B-6019-48BA-93F2-FC29DD7B5AA6} = {A2DC0BE8-1B37-42F0-8788-B2BE83D0E36B}
		{0BCCA217-B7AE-4DBB-9BE6-0A7A5614C3AE} = {A2DC0BE8-1B37-42F0-8788-B2BE83D0E36B}
	EndGlobalSection
EndGlobal
